
Microsoft Visual Studio Solution File, Format Version 12.00
# Visual Studio Version 17
VisualStudioVersion = 17.3.32922.545
MinimumVisualStudioVersion = 10.0.40219.1
Project("{FAE04EC0-301F-11D3-BF4B-00C04F79EFBC}") = "pertemuan ke3", "pertemuan ke3.csproj", "{C6FB8143-9AA6-46B7-A75B-EB29172A81C9}"
EndProject
Global
	GlobalSection(SolutionConfigurationPlatforms) = preSolution
		Debug|Any CPU = Debug|Any CPU
		Release|Any CPU = Release|Any CPU
	EndGlobalSection
	GlobalSection(ProjectConfigurationPlatforms) = postSolution
		{C6FB8143-9AA6-46B7-A75B-EB29172A81C9}.Debug|Any CPU.ActiveCfg = Debug|Any CPU
		{C6FB8143-9AA6-46B7-A75B-EB29172A81C9}.Debug|Any CPU.Build.0 = Debug|Any CPU
		{C6FB8143-9AA6-46B7-A75B-EB29172A81C9}.Release|Any CPU.ActiveCfg = Release|Any CPU
		{C6FB8143-9AA6-46B7-A75B-EB29172A81C9}.Release|Any CPU.Build.0 = Release|Any CPU
	EndGlobalSection
	GlobalSection(SolutionProperties) = preSolution
		HideSolutionNode = FALSE
	EndGlobalSection
	GlobalSection(ExtensibilityGlobals) = postSolution
		SolutionGuid = {25017D65-DD61-4107-A16B-1CFA4FB45D95}
	EndGlobalSection
EndGlobal
